
Microsoft Visual Studio Solution File, Format Version 12.00
# Visual Studio Version 17
VisualStudioVersion = 17.10.35122.118
MinimumVisualStudioVersion = 10.0.40219.1
Project("{FAE04EC0-301F-11D3-BF4B-00C04F79EFBC}") = "Queri", "Queri.csproj", "{563E4B47-FB7B-4D04-9B73-6595ED27BEA4}"
EndProject
Global
	GlobalSection(SolutionConfigurationPlatforms) = preSolution
		Debug|Any CPU = Debug|Any CPU
		Release|Any CPU = Release|Any CPU
	EndGlobalSection
	GlobalSection(ProjectConfigurationPlatforms) = postSolution
		{563E4B47-FB7B-4D04-9B73-6595ED27BEA4}.Debug|Any CPU.ActiveCfg = Debug|Any CPU
		{563E4B47-FB7B-4D04-9B73-6595ED27BEA4}.Debug|Any CPU.Build.0 = Debug|Any CPU
		{563E4B47-FB7B-4D04-9B73-6595ED27BEA4}.Release|Any CPU.ActiveCfg = Release|Any CPU
		{563E4B47-FB7B-4D04-9B73-6595ED27BEA4}.Release|Any CPU.Build.0 = Release|Any CPU
	EndGlobalSection
	GlobalSection(SolutionProperties) = preSolution
		HideSolutionNode = FALSE
	EndGlobalSection
	GlobalSection(ExtensibilityGlobals) = postSolution
		SolutionGuid = {8C948348-961E-4AB1-A1E2-F462F925033B}
	EndGlobalSection
EndGlobal
